
Microsoft Visual Studio Solution File, Format Version 12.00
# Visual Studio Version 17
VisualStudioVersion = 17.7.34009.444
MinimumVisualStudioVersion = 10.0.40219.1
Project("{D2ABAB84-BF74-430A-B69E-9DC6D40DDA17}") = "CUBOlinkedln", "CUBOlinkedln\CUBOlinkedln.dwproj", "{4CAF8D4B-059E-4681-AE32-C09B3837F327}"
EndProject
Global
	GlobalSection(SolutionConfigurationPlatforms) = preSolution
		Development|Default = Development|Default
	EndGlobalSection
	GlobalSection(ProjectConfigurationPlatforms) = postSolution
		{4CAF8D4B-059E-4681-AE32-C09B3837F327}.Development|Default.ActiveCfg = Development
		{4CAF8D4B-059E-4681-AE32-C09B3837F327}.Development|Default.Build.0 = Development
		{4CAF8D4B-059E-4681-AE32-C09B3837F327}.Development|Default.Deploy.0 = Development
	EndGlobalSection
	GlobalSection(SolutionProperties) = preSolution
		HideSolutionNode = FALSE
	EndGlobalSection
	GlobalSection(ExtensibilityGlobals) = postSolution
		SolutionGuid = {4CB3E639-3498-4BAB-A512-C235069B61B1}
	EndGlobalSection
EndGlobal
